
Microsoft Visual Studio Solution File, Format Version 12.00
# Visual Studio Version 17
VisualStudioVersion = 17.7.34024.191
MinimumVisualStudioVersion = 10.0.40219.1
Project("{2150E333-8FDC-42A3-9474-1A3956D46DE8}") = "Task0", "Task0", "{7DEF69C1-51F6-4DC3-BAE1-199613796D4F}"
EndProject
Project("{9A19103F-16F7-4668-BE54-9A1E7A4F7556}") = "Tyuiu.BeketovVN.Sprint6.Task0.V13", "Tyuiu.BeketovVN.Sprint6.Task0.V13\Tyuiu.BeketovVN.Sprint6.Task0.V13.csproj", "{03F50558-5FAB-42AC-B2DB-6E08FCDB48BB}"
EndProject
Project("{FAE04EC0-301F-11D3-BF4B-00C04F79EFBC}") = "Tyuiu.BeketovVN.Sprint6.Task0.V13.Lib", "Tyuiu.BeketovVN.Sprint6.Task0.V13.Lib\Tyuiu.BeketovVN.Sprint6.Task0.V13.Lib.csproj", "{AB9A7C3E-8FF1-4E22-AA1E-8C3C1C9A1BB7}"
EndProject
Project("{FAE04EC0-301F-11D3-BF4B-00C04F79EFBC}") = "Tyuiu.BeketovVN.Sprint6.Task0.V13.Test", "Tyuiu.BeketovVN.Sprint6.Task0.V13.Test\Tyuiu.BeketovVN.Sprint6.Task0.V13.Test.csproj", "{84DDCAF2-3EBC-4FA5-8A90-10DE3FAE44AB}"
EndProject
Project("{2150E333-8FDC-42A3-9474-1A3956D46DE8}") = "Task1", "Task1", "{651E692F-E91C-4E3F-A26E-15FCF8DF2394}"
EndProject
Project("{9A19103F-16F7-4668-BE54-9A1E7A4F7556}") = "Tyuiu.BeketovVN.Sprint6.Task1.V2", "Tyuiu.BeketovVN.Sprint6.Task1.V2\Tyuiu.BeketovVN.Sprint6.Task1.V2.csproj", "{4E2E6B64-59F1-4A0D-AAC6-5B27ADD45863}"
EndProject
Project("{FAE04EC0-301F-11D3-BF4B-00C04F79EFBC}") = "Tyuiu.BeketovVN.Sprint6.Task1.V2.Lib", "Tyuiu.BeketovVN.Sprint6.Task1.V2.Lib\Tyuiu.BeketovVN.Sprint6.Task1.V2.Lib.csproj", "{1BEBA198-A9D3-4CE3-BCD8-63E706AE1BEE}"
EndProject
Project("{FAE04EC0-301F-11D3-BF4B-00C04F79EFBC}") = "Tyuiu.BeketovVN.Sprint6.Task1.V2.Test", "Tyuiu.BeketovVN.Sprint6.Task1.V2.Test\Tyuiu.BeketovVN.Sprint6.Task1.V2.Test.csproj", "{F6502FC0-BFCF-4EE6-A97A-51D136D3A409}"
EndProject
Project("{2150E333-8FDC-42A3-9474-1A3956D46DE8}") = "Task2", "Task2", "{FFAFF9EB-363A-480E-8CBD-107B7456839E}"
EndProject
Project("{FAE04EC0-301F-11D3-BF4B-00C04F79EFBC}") = "Tyuiu.BeketovVN.Sprint6.Task2.V8.Lib", "Tyuiu.BeketovVN.Sprint6.Task2.V8.Lib\Tyuiu.BeketovVN.Sprint6.Task2.V8.Lib.csproj", "{321A6700-3E2A-4A4D-B4B1-496D67D0B05A}"
EndProject
Project("{FAE04EC0-301F-11D3-BF4B-00C04F79EFBC}") = "Tyuiu.BeketovVN.Sprint6.Task2.V8.Test", "Tyuiu.BeketovVN.Sprint6.Task2.V8.Test\Tyuiu.BeketovVN.Sprint6.Task2.V8.Test.csproj", "{5664D8F1-3773-4A99-BDA0-C99BA5F7AF22}"
EndProject
Project("{FAE04EC0-301F-11D3-BF4B-00C04F79EFBC}") = "Tyuiu.BeketovVN.Sprint6.Task2.V8", "Tyuiu.BeketovVN.Sprint6.Task.V8\Tyuiu.BeketovVN.Sprint6.Task2.V8.csproj", "{236554A6-3FBE-4A5B-980C-0DD4ACA521C1}"
EndProject
Project("{2150E333-8FDC-42A3-9474-1A3956D46DE8}") = "Task3", "Task3", "{2BAF47C3-5E4D-436F-A033-E7004824A0EE}"
EndProject
Project("{FAE04EC0-301F-11D3-BF4B-00C04F79EFBC}") = "Tyuiu.BeketovVN.Sprint6.Task3.V29", "Tyuiu.BeketovVN.Sprint6.Task3.V29\Tyuiu.BeketovVN.Sprint6.Task3.V29.csproj", "{3DA39114-1F51-4C02-9D25-77D689823FF4}"
EndProject
Project("{FAE04EC0-301F-11D3-BF4B-00C04F79EFBC}") = "Tyuiu.BeketovVN.Sprint6.Task3.V29.Lib", "Tyuiu.BeketovVN.Sprint6.Task3.V29.Lib\Tyuiu.BeketovVN.Sprint6.Task3.V29.Lib.csproj", "{A9450898-A1E6-402A-8C84-4033E429B1E7}"
EndProject
Project("{FAE04EC0-301F-11D3-BF4B-00C04F79EFBC}") = "Tyuiu.BeketovVN.Sprint6.Task3.V29.Test", "Tyuiu.BeketovVN.Sprint6.Task3.V29.Test\Tyuiu.BeketovVN.Sprint6.Task3.V29.Test.csproj", "{CF05F857-774B-43EF-88FF-B6C3D43349E9}"
EndProject
Project("{2150E333-8FDC-42A3-9474-1A3956D46DE8}") = "Task4", "Task4", "{EF28CC61-E4B3-4FF5-8726-6623D5B135B4}"
EndProject
Project("{FAE04EC0-301F-11D3-BF4B-00C04F79EFBC}") = "Tyuiu.BeketovVN.Sprint6.Task4.V21", "Tyuiu.BeketovVN.Sprint6.Task4.V21\Tyuiu.BeketovVN.Sprint6.Task4.V21.csproj", "{F191591B-88D5-4F69-9753-B51AAE9AC777}"
EndProject
Project("{FAE04EC0-301F-11D3-BF4B-00C04F79EFBC}") = "Tyuiu.BeketovVN.Sprint6.Task4.V21.Lib", "Tyuiu.BeketovVN.Sprint6.Task4.V21.Lib\Tyuiu.BeketovVN.Sprint6.Task4.V21.Lib.csproj", "{77FC3C78-5D39-4A31-BE98-EA56941EF6FF}"
EndProject
Project("{FAE04EC0-301F-11D3-BF4B-00C04F79EFBC}") = "Tyuiu.BeketovVN.Sprint6.Task4.V21.Test", "Tyuiu.BeketovVN.Sprint6.Task4.V21.Test\Tyuiu.BeketovVN.Sprint6.Task4.V21.Test.csproj", "{B24A9E86-444B-47C6-96EF-19BE8BB2DB71}"
EndProject
Project("{2150E333-8FDC-42A3-9474-1A3956D46DE8}") = "Task5", "Task5", "{14F7EDA7-C338-4296-8826-59D751CF46A3}"
EndProject
Project("{FAE04EC0-301F-11D3-BF4B-00C04F79EFBC}") = "Tyuiu.BeketovVN.Sprint6.Task5.V25", "Tyuiu.BeketovVN.Sprint6.Task5.V25\Tyuiu.BeketovVN.Sprint6.Task5.V25.csproj", "{9C3665DF-8431-4140-B438-D20922F53389}"
EndProject
Project("{FAE04EC0-301F-11D3-BF4B-00C04F79EFBC}") = "Tyuiu.BeketovVN.Sprint6.Task5.V25.Lib", "Tyuiu.BeketovVN.Sprint6.Task5.V25.Lib\Tyuiu.BeketovVN.Sprint6.Task5.V25.Lib.csproj", "{288E52AE-F409-41AA-9C31-6DE7DC5BDF86}"
EndProject
Project("{FAE04EC0-301F-11D3-BF4B-00C04F79EFBC}") = "Tyuiu.BeketovVN.Sprint6.Task5.V25.Test", "Tyuiu.BeketovVN.Sprint6.Task5.V25.Test\Tyuiu.BeketovVN.Sprint6.Task5.V25.Test.csproj", "{C2E079D2-FAFB-45CA-8290-7C16813EDE8F}"
EndProject
Project("{2150E333-8FDC-42A3-9474-1A3956D46DE8}") = "Task6", "Task6", "{BCE464BC-D4AA-4422-B332-CBDC7F0CD197}"
EndProject
Project("{FAE04EC0-301F-11D3-BF4B-00C04F79EFBC}") = "Tyuiu.BeketovVN.Sprint6.Task6.V25", "Tyuiu.BeketovVN.Sprint6.Task6.V25\Tyuiu.BeketovVN.Sprint6.Task6.V25.csproj", "{BDE5877D-8E5B-49CE-977D-2EDFB58167A2}"
EndProject
Project("{FAE04EC0-301F-11D3-BF4B-00C04F79EFBC}") = "Tyuiu.BeketovVN.Sprint6.Task6.V25.Lib", "Tyuiu.BeketovVN.Sprint6.Task6.V25.Lib\Tyuiu.BeketovVN.Sprint6.Task6.V25.Lib.csproj", "{DD1F1D63-B18F-4785-991D-865BE3038CD6}"
EndProject
Project("{FAE04EC0-301F-11D3-BF4B-00C04F79EFBC}") = "Tyuiu.BeketovVN.Sprint6.Task6.V25.Test", "Tyuiu.BeketovVN.Sprint6.Task6.V25.Test\Tyuiu.BeketovVN.Sprint6.Task6.V25.Test.csproj", "{86B3E515-0A26-4D66-BD7B-BAFA101E2719}"
EndProject
Project("{2150E333-8FDC-42A3-9474-1A3956D46DE8}") = "Task7", "Task7", "{443668E2-6F41-4C54-B83A-7AF7A932662B}"
EndProject
Project("{FAE04EC0-301F-11D3-BF4B-00C04F79EFBC}") = "Tyuiu.BeketovVN.Sprint6.Task7.V17", "Tyuiu.BeketovVN.Sprint6.Task7.V17\Tyuiu.BeketovVN.Sprint6.Task7.V17.csproj", "{561B85A5-3D7F-4262-8F37-E12905F586BA}"
EndProject
Project("{FAE04EC0-301F-11D3-BF4B-00C04F79EFBC}") = "Tyuiu.BeketovVN.Sprint6.Task7.V17.Lib", "Tyuiu.BeketovVN.Sprint6.Task7.V17.Lib\Tyuiu.BeketovVN.Sprint6.Task7.V17.Lib.csproj", "{46ABC78F-08A7-4605-A998-2BCEB6C3ECC2}"
EndProject
Project("{FAE04EC0-301F-11D3-BF4B-00C04F79EFBC}") = "Tyuiu.BeketovVN.Sprint6.Task7.V17.Test", "Tyuiu.BeketovVN.Sprint6.Task7.V17.Test\Tyuiu.BeketovVN.Sprint6.Task7.V17.Test.csproj", "{062875A0-FC1C-4AB8-A9F4-BAC926BF65F6}"
EndProject
Project("{2150E333-8FDC-42A3-9474-1A3956D46DE8}") = "SprintReview", "SprintReview", "{066903C0-5765-4945-BCBA-73011FC3723E}"
EndProject
Project("{FAE04EC0-301F-11D3-BF4B-00C04F79EFBC}") = "Tyuiu.BeketovVN.Sprint6.SprintReview.V29", "Tyuiu.BeketovVN.Sprint6.SprintReview.V29\Tyuiu.BeketovVN.Sprint6.SprintReview.V29.csproj", "{A0B71314-6CF9-41B2-A4A1-18C9FE4EC7BA}"
EndProject
Project("{FAE04EC0-301F-11D3-BF4B-00C04F79EFBC}") = "Tyuiu.BeketovVN.Sprint6.SprintReview.V29.Lib", "Tyuiu.BeketovVN.Sprint6.SprintReview.V29.Lib\Tyuiu.BeketovVN.Sprint6.SprintReview.V29.Lib.csproj", "{902A823D-A5F4-43DC-BAE6-144B55AF2F83}"
EndProject
Project("{FAE04EC0-301F-11D3-BF4B-00C04F79EFBC}") = "Tyuiu.BeketovVN.Sprint6.SprintReview.V29.Test", "Tyuiu.BeketovVN.Sprint6.SprintReview.V29.Test\Tyuiu.BeketovVN.Sprint6.SprintReview.V29.Test.csproj", "{BC5D6309-E6E4-4223-A330-975845C466F5}"
EndProject
Global
	GlobalSection(SolutionConfigurationPlatforms) = preSolution
		Debug|Any CPU = Debug|Any CPU
		Release|Any CPU = Release|Any CPU
	EndGlobalSection
	GlobalSection(ProjectConfigurationPlatforms) = postSolution
		{03F50558-5FAB-42AC-B2DB-6E08FCDB48BB}.Debug|Any CPU.ActiveCfg = Debug|Any CPU
		{03F50558-5FAB-42AC-B2DB-6E08FCDB48BB}.Debug|Any CPU.Build.0 = Debug|Any CPU
		{03F50558-5FAB-42AC-B2DB-6E08FCDB48BB}.Release|Any CPU.ActiveCfg = Release|Any CPU
		{03F50558-5FAB-42AC-B2DB-6E08FCDB48BB}.Release|Any CPU.Build.0 = Release|Any CPU
		{AB9A7C3E-8FF1-4E22-AA1E-8C3C1C9A1BB7}.Debug|Any CPU.ActiveCfg = Debug|Any CPU
		{AB9A7C3E-8FF1-4E22-AA1E-8C3C1C9A1BB7}.Debug|Any CPU.Build.0 = Debug|Any CPU
		{AB9A7C3E-8FF1-4E22-AA1E-8C3C1C9A1BB7}.Release|Any CPU.ActiveCfg = Release|Any CPU
		{AB9A7C3E-8FF1-4E22-AA1E-8C3C1C9A1BB7}.Release|Any CPU.Build.0 = Release|Any CPU
		{84DDCAF2-3EBC-4FA5-8A90-10DE3FAE44AB}.Debug|Any CPU.ActiveCfg = Debug|Any CPU
		{84DDCAF2-3EBC-4FA5-8A90-10DE3FAE44AB}.Debug|Any CPU.Build.0 = Debug|Any CPU
		{84DDCAF2-3EBC-4FA5-8A90-10DE3FAE44AB}.Release|Any CPU.ActiveCfg = Release|Any CPU
		{84DDCAF2-3EBC-4FA5-8A90-10DE3FAE44AB}.Release|Any CPU.Build.0 = Release|Any CPU
		{4E2E6B64-59F1-4A0D-AAC6-5B27ADD45863}.Debug|Any CPU.ActiveCfg = Debug|Any CPU
		{4E2E6B64-59F1-4A0D-AAC6-5B27ADD45863}.Debug|Any CPU.Build.0 = Debug|Any CPU
		{4E2E6B64-59F1-4A0D-AAC6-5B27ADD45863}.Release|Any CPU.ActiveCfg = Release|Any CPU
		{4E2E6B64-59F1-4A0D-AAC6-5B27ADD45863}.Release|Any CPU.Build.0 = Release|Any CPU
		{1BEBA198-A9D3-4CE3-BCD8-63E706AE1BEE}.Debug|Any CPU.ActiveCfg = Debug|Any CPU
		{1BEBA198-A9D3-4CE3-BCD8-63E706AE1BEE}.Debug|Any CPU.Build.0 = Debug|Any CPU
		{1BEBA198-A9D3-4CE3-BCD8-63E706AE1BEE}.Release|Any CPU.ActiveCfg = Release|Any CPU
		{1BEBA198-A9D3-4CE3-BCD8-63E706AE1BEE}.Release|Any CPU.Build.0 = Release|Any CPU
		{F6502FC0-BFCF-4EE6-A97A-51D136D3A409}.Debug|Any CPU.ActiveCfg = Debug|Any CPU
		{F6502FC0-BFCF-4EE6-A97A-51D136D3A409}.Debug|Any CPU.Build.0 = Debug|Any CPU
		{F6502FC0-BFCF-4EE6-A97A-51D136D3A409}.Release|Any CPU.ActiveCfg = Release|Any CPU
		{F6502FC0-BFCF-4EE6-A97A-51D136D3A409}.Release|Any CPU.Build.0 = Release|Any CPU
		{321A6700-3E2A-4A4D-B4B1-496D67D0B05A}.Debug|Any CPU.ActiveCfg = Debug|Any CPU
		{321A6700-3E2A-4A4D-B4B1-496D67D0B05A}.Debug|Any CPU.Build.0 = Debug|Any CPU
		{321A6700-3E2A-4A4D-B4B1-496D67D0B05A}.Release|Any CPU.ActiveCfg = Release|Any CPU
		{321A6700-3E2A-4A4D-B4B1-496D67D0B05A}.Release|Any CPU.Build.0 = Release|Any CPU
		{5664D8F1-3773-4A99-BDA0-C99BA5F7AF22}.Debug|Any CPU.ActiveCfg = Debug|Any CPU
		{5664D8F1-3773-4A99-BDA0-C99BA5F7AF22}.Debug|Any CPU.Build.0 = Debug|Any CPU
		{5664D8F1-3773-4A99-BDA0-C99BA5F7AF22}.Release|Any CPU.ActiveCfg = Release|Any CPU
		{5664D8F1-3773-4A99-BDA0-C99BA5F7AF22}.Release|Any CPU.Build.0 = Release|Any CPU
		{236554A6-3FBE-4A5B-980C-0DD4ACA521C1}.Debug|Any CPU.ActiveCfg = Debug|Any CPU
		{236554A6-3FBE-4A5B-980C-0DD4ACA521C1}.Debug|Any CPU.Build.0 = Debug|Any CPU
		{236554A6-3FBE-4A5B-980C-0DD4ACA521C1}.Release|Any CPU.ActiveCfg = Release|Any CPU
		{236554A6-3FBE-4A5B-980C-0DD4ACA521C1}.Release|Any CPU.Build.0 = Release|Any CPU
		{3DA39114-1F51-4C02-9D25-77D689823FF4}.Debug|Any CPU.ActiveCfg = Debug|Any CPU
		{3DA39114-1F51-4C02-9D25-77D689823FF4}.Debug|Any CPU.Build.0 = Debug|Any CPU
		{3DA39114-1F51-4C02-9D25-77D689823FF4}.Release|Any CPU.ActiveCfg = Release|Any CPU
		{3DA39114-1F51-4C02-9D25-77D689823FF4}.Release|Any CPU.Build.0 = Release|Any CPU
		{A9450898-A1E6-402A-8C84-4033E429B1E7}.Debug|Any CPU.ActiveCfg = Debug|Any CPU
		{A9450898-A1E6-402A-8C84-4033E429B1E7}.Debug|Any CPU.Build.0 = Debug|Any CPU
		{A9450898-A1E6-402A-8C84-4033E429B1E7}.Release|Any CPU.ActiveCfg = Release|Any CPU
		{A9450898-A1E6-402A-8C84-4033E429B1E7}.Release|Any CPU.Build.0 = Release|Any CPU
		{CF05F857-774B-43EF-88FF-B6C3D43349E9}.Debug|Any CPU.ActiveCfg = Debug|Any CPU
		{CF05F857-774B-43EF-88FF-B6C3D43349E9}.Debug|Any CPU.Build.0 = Debug|Any CPU
		{CF05F857-774B-43EF-88FF-B6C3D43349E9}.Release|Any CPU.ActiveCfg = Release|Any CPU
		{CF05F857-774B-43EF-88FF-B6C3D43349E9}.Release|Any CPU.Build.0 = Release|Any CPU
		{F191591B-88D5-4F69-9753-B51AAE9AC777}.Debug|Any CPU.ActiveCfg = Debug|Any CPU
		{F191591B-88D5-4F69-9753-B51AAE9AC777}.Debug|Any CPU.Build.0 = Debug|Any CPU
		{F191591B-88D5-4F69-9753-B51AAE9AC777}.Release|Any CPU.ActiveCfg = Release|Any CPU
		{F191591B-88D5-4F69-9753-B51AAE9AC777}.Release|Any CPU.Build.0 = Release|Any CPU
		{77FC3C78-5D39-4A31-BE98-EA56941EF6FF}.Debug|Any CPU.ActiveCfg = Debug|Any CPU
		{77FC3C78-5D39-4A31-BE98-EA56941EF6FF}.Debug|Any CPU.Build.0 = Debug|Any CPU
		{77FC3C78-5D39-4A31-BE98-EA56941EF6FF}.Release|Any CPU.ActiveCfg = Release|Any CPU
		{77FC3C78-5D39-4A31-BE98-EA56941EF6FF}.Release|Any CPU.Build.0 = Release|Any CPU
		{B24A9E86-444B-47C6-96EF-19BE8BB2DB71}.Debug|Any CPU.ActiveCfg = Debug|Any CPU
		{B24A9E86-444B-47C6-96EF-19BE8BB2DB71}.Debug|Any CPU.Build.0 = Debug|Any CPU
		{B24A9E86-444B-47C6-96EF-19BE8BB2DB71}.Release|Any CPU.ActiveCfg = Release|Any CPU
		{B24A9E86-444B-47C6-96EF-19BE8BB2DB71}.Release|Any CPU.Build.0 = Release|Any CPU
		{9C3665DF-8431-4140-B438-D20922F53389}.Debug|Any CPU.ActiveCfg = Debug|Any CPU
		{9C3665DF-8431-4140-B438-D20922F53389}.Debug|Any CPU.Build.0 = Debug|Any CPU
		{9C3665DF-8431-4140-B438-D20922F53389}.Release|Any CPU.ActiveCfg = Release|Any CPU
		{9C3665DF-8431-4140-B438-D20922F53389}.Release|Any CPU.Build.0 = Release|Any CPU
		{288E52AE-F409-41AA-9C31-6DE7DC5BDF86}.Debug|Any CPU.ActiveCfg = Debug|Any CPU
		{288E52AE-F409-41AA-9C31-6DE7DC5BDF86}.Debug|Any CPU.Build.0 = Debug|Any CPU
		{288E52AE-F409-41AA-9C31-6DE7DC5BDF86}.Release|Any CPU.ActiveCfg = Release|Any CPU
		{288E52AE-F409-41AA-9C31-6DE7DC5BDF86}.Release|Any CPU.Build.0 = Release|Any CPU
		{C2E079D2-FAFB-45CA-8290-7C16813EDE8F}.Debug|Any CPU.ActiveCfg = Debug|Any CPU
		{C2E079D2-FAFB-45CA-8290-7C16813EDE8F}.Debug|Any CPU.Build.0 = Debug|Any CPU
		{C2E079D2-FAFB-45CA-8290-7C16813EDE8F}.Release|Any CPU.ActiveCfg = Release|Any CPU
		{C2E079D2-FAFB-45CA-8290-7C16813EDE8F}.Release|Any CPU.Build.0 = Release|Any CPU
		{BDE5877D-8E5B-49CE-977D-2EDFB58167A2}.Debug|Any CPU.ActiveCfg = Debug|Any CPU
		{BDE5877D-8E5B-49CE-977D-2EDFB58167A2}.Debug|Any CPU.Build.0 = Debug|Any CPU
		{BDE5877D-8E5B-49CE-977D-2EDFB58167A2}.Release|Any CPU.ActiveCfg = Release|Any CPU
		{BDE5877D-8E5B-49CE-977D-2EDFB58167A2}.Release|Any CPU.Build.0 = Release|Any CPU
		{DD1F1D63-B18F-4785-991D-865BE3038CD6}.Debug|Any CPU.ActiveCfg = Debug|Any CPU
		{DD1F1D63-B18F-4785-991D-865BE3038CD6}.Debug|Any CPU.Build.0 = Debug|Any CPU
		{DD1F1D63-B18F-4785-991D-865BE3038CD6}.Release|Any CPU.ActiveCfg = Release|Any CPU
		{DD1F1D63-B18F-4785-991D-865BE3038CD6}.Release|Any CPU.Build.0 = Release|Any CPU
		{86B3E515-0A26-4D66-BD7B-BAFA101E2719}.Debug|Any CPU.ActiveCfg = Debug|Any CPU
		{86B3E515-0A26-4D66-BD7B-BAFA101E2719}.Debug|Any CPU.Build.0 = Debug|Any CPU
		{86B3E515-0A26-4D66-BD7B-BAFA101E2719}.Release|Any CPU.ActiveCfg = Release|Any CPU
		{86B3E515-0A26-4D66-BD7B-BAFA101E2719}.Release|Any CPU.Build.0 = Release|Any CPU
		{561B85A5-3D7F-4262-8F37-E12905F586BA}.Debug|Any CPU.ActiveCfg = Debug|Any CPU
		{561B85A5-3D7F-4262-8F37-E12905F586BA}.Debug|Any CPU.Build.0 = Debug|Any CPU
		{561B85A5-3D7F-4262-8F37-E12905F586BA}.Release|Any CPU.ActiveCfg = Release|Any CPU
		{561B85A5-3D7F-4262-8F37-E12905F586BA}.Release|Any CPU.Build.0 = Release|Any CPU
		{46ABC78F-08A7-4605-A998-2BCEB6C3ECC2}.Debug|Any CPU.ActiveCfg = Debug|Any CPU
		{46ABC78F-08A7-4605-A998-2BCEB6C3ECC2}.Debug|Any CPU.Build.0 = Debug|Any CPU
		{46ABC78F-08A7-4605-A998-2BCEB6C3ECC2}.Release|Any CPU.ActiveCfg = Release|Any CPU
		{46ABC78F-08A7-4605-A998-2BCEB6C3ECC2}.Release|Any CPU.Build.0 = Release|Any CPU
		{062875A0-FC1C-4AB8-A9F4-BAC926BF65F6}.Debug|Any CPU.ActiveCfg = Debug|Any CPU
		{062875A0-FC1C-4AB8-A9F4-BAC926BF65F6}.Debug|Any CPU.Build.0 = Debug|Any CPU
		{062875A0-FC1C-4AB8-A9F4-BAC926BF65F6}.Release|Any CPU.ActiveCfg = Release|Any CPU
		{062875A0-FC1C-4AB8-A9F4-BAC926BF65F6}.Release|Any CPU.Build.0 = Release|Any CPU
		{A0B71314-6CF9-41B2-A4A1-18C9FE4EC7BA}.Debug|Any CPU.ActiveCfg = Debug|Any CPU
		{A0B71314-6CF9-41B2-A4A1-18C9FE4EC7BA}.Debug|Any CPU.Build.0 = Debug|Any CPU
		{A0B71314-6CF9-41B2-A4A1-18C9FE4EC7BA}.Release|Any CPU.ActiveCfg = Release|Any CPU
		{A0B71314-6CF9-41B2-A4A1-18C9FE4EC7BA}.Release|Any CPU.Build.0 = Release|Any CPU
		{902A823D-A5F4-43DC-BAE6-144B55AF2F83}.Debug|Any CPU.ActiveCfg = Debug|Any CPU
		{902A823D-A5F4-43DC-BAE6-144B55AF2F83}.Debug|Any CPU.Build.0 = Debug|Any CPU
		{902A823D-A5F4-43DC-BAE6-144B55AF2F83}.Release|Any CPU.ActiveCfg = Release|Any CPU
		{902A823D-A5F4-43DC-BAE6-144B55AF2F83}.Release|Any CPU.Build.0 = Release|Any CPU
		{BC5D6309-E6E4-4223-A330-975845C466F5}.Debug|Any CPU.ActiveCfg = Debug|Any CPU
		{BC5D6309-E6E4-4223-A330-975845C466F5}.Debug|Any CPU.Build.0 = Debug|Any CPU
		{BC5D6309-E6E4-4223-A330-975845C466F5}.Release|Any CPU.ActiveCfg = Release|Any CPU
		{BC5D6309-E6E4-4223-A330-975845C466F5}.Release|Any CPU.Build.0 = Release|Any CPU
	EndGlobalSection
	GlobalSection(SolutionProperties) = preSolution
		HideSolutionNode = FALSE
	EndGlobalSection
	GlobalSection(NestedProjects) = preSolution
		{03F50558-5FAB-42AC-B2DB-6E08FCDB48BB} = {7DEF69C1-51F6-4DC3-BAE1-199613796D4F}
		{AB9A7C3E-8FF1-4E22-AA1E-8C3C1C9A1BB7} = {7DEF69C1-51F6-4DC3-BAE1-199613796D4F}
		{84DDCAF2-3EBC-4FA5-8A90-10DE3FAE44AB} = {7DEF69C1-51F6-4DC3-BAE1-199613796D4F}
		{4E2E6B64-59F1-4A0D-AAC6-5B27ADD45863} = {651E692F-E91C-4E3F-A26E-15FCF8DF2394}
		{1BEBA198-A9D3-4CE3-BCD8-63E706AE1BEE} = {651E692F-E91C-4E3F-A26E-15FCF8DF2394}
		{F6502FC0-BFCF-4EE6-A97A-51D136D3A409} = {651E692F-E91C-4E3F-A26E-15FCF8DF2394}
		{321A6700-3E2A-4A4D-B4B1-496D67D0B05A} = {FFAFF9EB-363A-480E-8CBD-107B7456839E}
		{5664D8F1-3773-4A99-BDA0-C99BA5F7AF22} = {FFAFF9EB-363A-480E-8CBD-107B7456839E}
		{236554A6-3FBE-4A5B-980C-0DD4ACA521C1} = {FFAFF9EB-363A-480E-8CBD-107B7456839E}
		{3DA39114-1F51-4C02-9D25-77D689823FF4} = {2BAF47C3-5E4D-436F-A033-E7004824A0EE}
		{A9450898-A1E6-402A-8C84-4033E429B1E7} = {2BAF47C3-5E4D-436F-A033-E7004824A0EE}
		{CF05F857-774B-43EF-88FF-B6C3D43349E9} = {2BAF47C3-5E4D-436F-A033-E7004824A0EE}
		{F191591B-88D5-4F69-9753-B51AAE9AC777} = {EF28CC61-E4B3-4FF5-8726-6623D5B135B4}
		{77FC3C78-5D39-4A31-BE98-EA56941EF6FF} = {EF28CC61-E4B3-4FF5-8726-6623D5B135B4}
		{B24A9E86-444B-47C6-96EF-19BE8BB2DB71} = {EF28CC61-E4B3-4FF5-8726-6623D5B135B4}
		{9C3665DF-8431-4140-B438-D20922F53389} = {14F7EDA7-C338-4296-8826-59D751CF46A3}
		{288E52AE-F409-41AA-9C31-6DE7DC5BDF86} = {14F7EDA7-C338-4296-8826-59D751CF46A3}
		{C2E079D2-FAFB-45CA-8290-7C16813EDE8F} = {14F7EDA7-C338-4296-8826-59D751CF46A3}
		{BDE5877D-8E5B-49CE-977D-2EDFB58167A2} = {BCE464BC-D4AA-4422-B332-CBDC7F0CD197}
		{DD1F1D63-B18F-4785-991D-865BE3038CD6} = {BCE464BC-D4AA-4422-B332-CBDC7F0CD197}
		{86B3E515-0A26-4D66-BD7B-BAFA101E2719} = {BCE464BC-D4AA-4422-B332-CBDC7F0CD197}
		{561B85A5-3D7F-4262-8F37-E12905F586BA} = {443668E2-6F41-4C54-B83A-7AF7A932662B}
		{46ABC78F-08A7-4605-A998-2BCEB6C3ECC2} = {443668E2-6F41-4C54-B83A-7AF7A932662B}
		{062875A0-FC1C-4AB8-A9F4-BAC926BF65F6} = {443668E2-6F41-4C54-B83A-7AF7A932662B}
		{A0B71314-6CF9-41B2-A4A1-18C9FE4EC7BA} = {066903C0-5765-4945-BCBA-73011FC3723E}
		{902A823D-A5F4-43DC-BAE6-144B55AF2F83} = {066903C0-5765-4945-BCBA-73011FC3723E}
		{BC5D6309-E6E4-4223-A330-975845C466F5} = {066903C0-5765-4945-BCBA-73011FC3723E}
	EndGlobalSection
	GlobalSection(ExtensibilityGlobals) = postSolution
		SolutionGuid = {E5F2901D-11EA-4179-ADA9-BAD3B38292F4}
	EndGlobalSection
EndGlobal
